
Microsoft Visual Studio Solution File, Format Version 12.00
# Visual Studio Version 17
VisualStudioVersion = 17.10.35122.118
MinimumVisualStudioVersion = 10.0.40219.1
Project("{FAE04EC0-301F-11D3-BF4B-00C04F79EFBC}") = "NewProject", "NewProject.csproj", "{3B916A5E-7953-483B-97CD-894248C1E69D}"
EndProject
Global
	GlobalSection(SolutionConfigurationPlatforms) = preSolution
		Debug|Any CPU = Debug|Any CPU
		Release|Any CPU = Release|Any CPU
	EndGlobalSection
	GlobalSection(ProjectConfigurationPlatforms) = postSolution
		{3B916A5E-7953-483B-97CD-894248C1E69D}.Debug|Any CPU.ActiveCfg = Debug|Any CPU
		{3B916A5E-7953-483B-97CD-894248C1E69D}.Debug|Any CPU.Build.0 = Debug|Any CPU
		{3B916A5E-7953-483B-97CD-894248C1E69D}.Release|Any CPU.ActiveCfg = Release|Any CPU
		{3B916A5E-7953-483B-97CD-894248C1E69D}.Release|Any CPU.Build.0 = Release|Any CPU
	EndGlobalSection
	GlobalSection(SolutionProperties) = preSolution
		HideSolutionNode = FALSE
	EndGlobalSection
	GlobalSection(ExtensibilityGlobals) = postSolution
		SolutionGuid = {440A18AE-8629-422F-BFD3-241050AE8508}
	EndGlobalSection
EndGlobal
